
Microsoft Visual Studio Solution File, Format Version 12.00
# Visual Studio 15
VisualStudioVersion = 15.0.28307.271
MinimumVisualStudioVersion = 10.0.40219.1
Project("{8BC9CEB8-8B4A-11D0-8D11-00A0C91BC942}") = "学生信息管理系统", "学生信息管理系统\学生信息管理系统.vcxproj", "{B7B0E708-18C5-4B7D-969F-58CFD3EC711B}"
EndProject
Global
	GlobalSection(SolutionConfigurationPlatforms) = preSolution
		Debug|x64 = Debug|x64
		Debug|x86 = Debug|x86
		Release|x64 = Release|x64
		Release|x86 = Release|x86
	EndGlobalSection
	GlobalSection(ProjectConfigurationPlatforms) = postSolution
		{B7B0E708-18C5-4B7D-969F-58CFD3EC711B}.Debug|x64.ActiveCfg = Debug|x64
		{B7B0E708-18C5-4B7D-969F-58CFD3EC711B}.Debug|x64.Build.0 = Debug|x64
		{B7B0E708-18C5-4B7D-969F-58CFD3EC711B}.Debug|x86.ActiveCfg = Debug|Win32
		{B7B0E708-18C5-4B7D-969F-58CFD3EC711B}.Debug|x86.Build.0 = Debug|Win32
		{B7B0E708-18C5-4B7D-969F-58CFD3EC711B}.Release|x64.ActiveCfg = Release|x64
		{B7B0E708-18C5-4B7D-969F-58CFD3EC711B}.Release|x64.Build.0 = Release|x64
		{B7B0E708-18C5-4B7D-969F-58CFD3EC711B}.Release|x86.ActiveCfg = Release|Win32
		{B7B0E708-18C5-4B7D-969F-58CFD3EC711B}.Release|x86.Build.0 = Release|Win32
	EndGlobalSection
	GlobalSection(SolutionProperties) = preSolution
		HideSolutionNode = FALSE
	EndGlobalSection
	GlobalSection(ExtensibilityGlobals) = postSolution
		SolutionGuid = {B459AE39-122B-42A5-B6DC-FCDA3A6ECF31}
	EndGlobalSection
EndGlobal
