
Microsoft Visual Studio Solution File, Format Version 12.00
# Visual Studio 15
VisualStudioVersion = 15.0.28307.271
MinimumVisualStudioVersion = 10.0.40219.1
Project("{8BC9CEB8-8B4A-11D0-8D11-00A0C91BC942}") = "Romania_holiday", "Romania_holiday\Romania_holiday.vcxproj", "{B0A7424C-786F-4D8D-996D-6D9B36E3DFCB}"
EndProject
Global
	GlobalSection(SolutionConfigurationPlatforms) = preSolution
		Debug|x64 = Debug|x64
		Debug|x86 = Debug|x86
		Release|x64 = Release|x64
		Release|x86 = Release|x86
	EndGlobalSection
	GlobalSection(ProjectConfigurationPlatforms) = postSolution
		{B0A7424C-786F-4D8D-996D-6D9B36E3DFCB}.Debug|x64.ActiveCfg = Debug|x64
		{B0A7424C-786F-4D8D-996D-6D9B36E3DFCB}.Debug|x64.Build.0 = Debug|x64
		{B0A7424C-786F-4D8D-996D-6D9B36E3DFCB}.Debug|x86.ActiveCfg = Debug|Win32
		{B0A7424C-786F-4D8D-996D-6D9B36E3DFCB}.Debug|x86.Build.0 = Debug|Win32
		{B0A7424C-786F-4D8D-996D-6D9B36E3DFCB}.Release|x64.ActiveCfg = Release|x64
		{B0A7424C-786F-4D8D-996D-6D9B36E3DFCB}.Release|x64.Build.0 = Release|x64
		{B0A7424C-786F-4D8D-996D-6D9B36E3DFCB}.Release|x86.ActiveCfg = Release|Win32
		{B0A7424C-786F-4D8D-996D-6D9B36E3DFCB}.Release|x86.Build.0 = Release|Win32
	EndGlobalSection
	GlobalSection(SolutionProperties) = preSolution
		HideSolutionNode = FALSE
	EndGlobalSection
	GlobalSection(ExtensibilityGlobals) = postSolution
		SolutionGuid = {745811D1-0DB8-474B-9D32-737F9360BD76}
	EndGlobalSection
EndGlobal
